
Microsoft Visual Studio Solution File, Format Version 12.00
# Visual Studio Version 17
VisualStudioVersion = 17.7.34031.279
MinimumVisualStudioVersion = 10.0.40219.1
Project("{9A19103F-16F7-4668-BE54-9A1E7A4F7556}") = "PS.Web.Admin", "PS.Web.Admin\PS.Web.Admin.csproj", "{DF1D416E-092B-4F62-B72B-E7FD1BFCD7B0}"
EndProject
Project("{9A19103F-16F7-4668-BE54-9A1E7A4F7556}") = "PS.Core", "PS.Core\PS.Core.csproj", "{EDD64025-B557-46D5-9E22-E2E2645C1702}"
EndProject
Project("{9A19103F-16F7-4668-BE54-9A1E7A4F7556}") = "PS.API", "PS.API\PS.API.csproj", "{9AB5689B-F2F2-4AFA-9C72-7881A13AA9EA}"
EndProject
Project("{9A19103F-16F7-4668-BE54-9A1E7A4F7556}") = "PS.Datastore.EFCore", "PS.Datastore.EFCore\PS.Datastore.EFCore.csproj", "{AE2D3438-FAE8-4C21-8E77-763721A1DEE1}"
EndProject
Project("{9A19103F-16F7-4668-BE54-9A1E7A4F7556}") = "PS.UseCases", "PS.UseCases\PS.UseCases.csproj", "{2549E25A-C92F-477D-94BE-B3BE7AD5408D}"
EndProject
Project("{2150E333-8FDC-42A3-9474-1A3956D46DE8}") = "Solution Items", "Solution Items", "{CCEEDAF2-BA96-4648-BAD4-99821C98D919}"
	ProjectSection(SolutionItems) = preProject
		README.md = README.md
	EndProjectSection
EndProject
Project("{FAE04EC0-301F-11D3-BF4B-00C04F79EFBC}") = "PS.Admin", "PS.Admin\PS.Admin.csproj", "{41B4F794-E616-400C-AF63-CC3F3943C221}"
EndProject
Global
	GlobalSection(SolutionConfigurationPlatforms) = preSolution
		Debug|Any CPU = Debug|Any CPU
		Release|Any CPU = Release|Any CPU
	EndGlobalSection
	GlobalSection(ProjectConfigurationPlatforms) = postSolution
		{DF1D416E-092B-4F62-B72B-E7FD1BFCD7B0}.Debug|Any CPU.ActiveCfg = Debug|Any CPU
		{DF1D416E-092B-4F62-B72B-E7FD1BFCD7B0}.Debug|Any CPU.Build.0 = Debug|Any CPU
		{DF1D416E-092B-4F62-B72B-E7FD1BFCD7B0}.Release|Any CPU.ActiveCfg = Release|Any CPU
		{DF1D416E-092B-4F62-B72B-E7FD1BFCD7B0}.Release|Any CPU.Build.0 = Release|Any CPU
		{EDD64025-B557-46D5-9E22-E2E2645C1702}.Debug|Any CPU.ActiveCfg = Debug|Any CPU
		{EDD64025-B557-46D5-9E22-E2E2645C1702}.Debug|Any CPU.Build.0 = Debug|Any CPU
		{EDD64025-B557-46D5-9E22-E2E2645C1702}.Release|Any CPU.ActiveCfg = Release|Any CPU
		{EDD64025-B557-46D5-9E22-E2E2645C1702}.Release|Any CPU.Build.0 = Release|Any CPU
		{9AB5689B-F2F2-4AFA-9C72-7881A13AA9EA}.Debug|Any CPU.ActiveCfg = Debug|Any CPU
		{9AB5689B-F2F2-4AFA-9C72-7881A13AA9EA}.Debug|Any CPU.Build.0 = Debug|Any CPU
		{9AB5689B-F2F2-4AFA-9C72-7881A13AA9EA}.Release|Any CPU.ActiveCfg = Release|Any CPU
		{9AB5689B-F2F2-4AFA-9C72-7881A13AA9EA}.Release|Any CPU.Build.0 = Release|Any CPU
		{AE2D3438-FAE8-4C21-8E77-763721A1DEE1}.Debug|Any CPU.ActiveCfg = Debug|Any CPU
		{AE2D3438-FAE8-4C21-8E77-763721A1DEE1}.Debug|Any CPU.Build.0 = Debug|Any CPU
		{AE2D3438-FAE8-4C21-8E77-763721A1DEE1}.Release|Any CPU.ActiveCfg = Release|Any CPU
		{AE2D3438-FAE8-4C21-8E77-763721A1DEE1}.Release|Any CPU.Build.0 = Release|Any CPU
		{2549E25A-C92F-477D-94BE-B3BE7AD5408D}.Debug|Any CPU.ActiveCfg = Debug|Any CPU
		{2549E25A-C92F-477D-94BE-B3BE7AD5408D}.Debug|Any CPU.Build.0 = Debug|Any CPU
		{2549E25A-C92F-477D-94BE-B3BE7AD5408D}.Release|Any CPU.ActiveCfg = Release|Any CPU
		{2549E25A-C92F-477D-94BE-B3BE7AD5408D}.Release|Any CPU.Build.0 = Release|Any CPU
		{41B4F794-E616-400C-AF63-CC3F3943C221}.Debug|Any CPU.ActiveCfg = Debug|Any CPU
		{41B4F794-E616-400C-AF63-CC3F3943C221}.Debug|Any CPU.Build.0 = Debug|Any CPU
		{41B4F794-E616-400C-AF63-CC3F3943C221}.Release|Any CPU.ActiveCfg = Release|Any CPU
		{41B4F794-E616-400C-AF63-CC3F3943C221}.Release|Any CPU.Build.0 = Release|Any CPU
	EndGlobalSection
	GlobalSection(SolutionProperties) = preSolution
		HideSolutionNode = FALSE
	EndGlobalSection
	GlobalSection(ExtensibilityGlobals) = postSolution
		SolutionGuid = {3BD1A6C8-8622-4D08-AE2F-319DFBC9E751}
	EndGlobalSection
EndGlobal
